// !$*UTF8*$!
{
	archiveVersion = 1;
	classes = {
	};
	objectVersion = 56;
	objects = {

/* Begin PBXBuildFile section */
		4A07BCBE2AB6F8C700B46D62 /* ResDetailView.swift in Sources */ = {isa = PBXBuildFile; fileRef = 4A07BCBB2AB6F8C600B46D62 /* ResDetailView.swift */; };
		4A07BCBF2AB6F8C700B46D62 /* FavorRes.swift in Sources */ = {isa = PBXBuildFile; fileRef = 4A07BCBC2AB6F8C600B46D62 /* FavorRes.swift */; };
		4A07BCC02AB6F8C700B46D62 /* Components in Resources */ = {isa = PBXBuildFile; fileRef = 4A07BCBD2AB6F8C700B46D62 /* Components */; };
		4A1F8AE62AB963BB001E67AB /* Authentication.swift in Sources */ = {isa = PBXBuildFile; fileRef = 4A1F8AE52AB963BB001E67AB /* Authentication.swift */; };
		4A1F8AE82AB96583001E67AB /* SignInView.swift in Sources */ = {isa = PBXBuildFile; fileRef = 4A1F8AE72AB96583001E67AB /* SignInView.swift */; };
		4A1F8AEC2AB971AA001E67AB /* AuthManager.swift in Sources */ = {isa = PBXBuildFile; fileRef = 4A1F8AEB2AB971AA001E67AB /* AuthManager.swift */; };
		4A1F8AEE2AB974C3001E67AB /* SignUpView.swift in Sources */ = {isa = PBXBuildFile; fileRef = 4A1F8AED2AB974C3001E67AB /* SignUpView.swift */; };
		4A50AF2C2AB98236004B72A0 /* TestingDisplayDatabase.swift in Sources */ = {isa = PBXBuildFile; fileRef = 4A50AF2B2AB98236004B72A0 /* TestingDisplayDatabase.swift */; };
		4A50AF312AB98400004B72A0 /* MerchantViewModel.swift in Sources */ = {isa = PBXBuildFile; fileRef = 4A50AF302AB98400004B72A0 /* MerchantViewModel.swift */; };
		4A50AF332AB9843E004B72A0 /* Merchant.swift in Sources */ = {isa = PBXBuildFile; fileRef = 4A50AF322AB9843E004B72A0 /* Merchant.swift */; };
		4A5F1B462AB98FA8000A25B6 /* MerchantViewDisplayView.swift in Sources */ = {isa = PBXBuildFile; fileRef = 4A5F1B452AB98FA8000A25B6 /* MerchantViewDisplayView.swift */; };
		4AE207F02AB6B02300BA8D1A /* CouponView.swift in Sources */ = {isa = PBXBuildFile; fileRef = 4AE207ED2AB6B02300BA8D1A /* CouponView.swift */; };
		4AE207F12AB6B02300BA8D1A /* MerchantView.swift in Sources */ = {isa = PBXBuildFile; fileRef = 4AE207EE2AB6B02300BA8D1A /* MerchantView.swift */; };
		4AE207F22AB6B02300BA8D1A /* AddFoodView.swift in Sources */ = {isa = PBXBuildFile; fileRef = 4AE207EF2AB6B02300BA8D1A /* AddFoodView.swift */; };
		4AE207F62AB6B03400BA8D1A /* FoodViewModel.swift in Sources */ = {isa = PBXBuildFile; fileRef = 4AE207F42AB6B03400BA8D1A /* FoodViewModel.swift */; };
		4AE207F72AB6B03400BA8D1A /* Food.swift in Sources */ = {isa = PBXBuildFile; fileRef = 4AE207F52AB6B03400BA8D1A /* Food.swift */; };
		A16261732AB1E7FE00E6628A /* TinFoodApp.swift in Sources */ = {isa = PBXBuildFile; fileRef = A16261722AB1E7FE00E6628A /* TinFoodApp.swift */; };
		A16261752AB1E7FE00E6628A /* ContentView.swift in Sources */ = {isa = PBXBuildFile; fileRef = A16261742AB1E7FE00E6628A /* ContentView.swift */; };
		A16261772AB1E7FF00E6628A /* Assets.xcassets in Resources */ = {isa = PBXBuildFile; fileRef = A16261762AB1E7FF00E6628A /* Assets.xcassets */; };
		A162617A2AB1E7FF00E6628A /* Preview Assets.xcassets in Resources */ = {isa = PBXBuildFile; fileRef = A16261792AB1E7FF00E6628A /* Preview Assets.xcassets */; };
		A1F358C22AB1EBD000BAC75D /* GoogleService-Info.plist in Resources */ = {isa = PBXBuildFile; fileRef = A1F358C12AB1EBD000BAC75D /* GoogleService-Info.plist */; };
		A1F358C52AB2255200BAC75D /* FirebaseAuth in Frameworks */ = {isa = PBXBuildFile; productRef = A1F358C42AB2255200BAC75D /* FirebaseAuth */; };
		A1F358C72AB2255200BAC75D /* FirebaseAuthCombine-Community in Frameworks */ = {isa = PBXBuildFile; productRef = A1F358C62AB2255200BAC75D /* FirebaseAuthCombine-Community */; };
		A1F358C92AB2255200BAC75D /* FirebaseDatabase in Frameworks */ = {isa = PBXBuildFile; productRef = A1F358C82AB2255200BAC75D /* FirebaseDatabase */; };
		A1F358CB2AB2255200BAC75D /* FirebaseDatabaseSwift in Frameworks */ = {isa = PBXBuildFile; productRef = A1F358CA2AB2255200BAC75D /* FirebaseDatabaseSwift */; };
		A1F358CD2AB2255200BAC75D /* FirebaseFirestore in Frameworks */ = {isa = PBXBuildFile; productRef = A1F358CC2AB2255200BAC75D /* FirebaseFirestore */; };
		A1F358CF2AB2255200BAC75D /* FirebaseFirestoreCombine-Community in Frameworks */ = {isa = PBXBuildFile; productRef = A1F358CE2AB2255200BAC75D /* FirebaseFirestoreCombine-Community */; };
		A1F358D12AB2255200BAC75D /* FirebaseFirestoreSwift in Frameworks */ = {isa = PBXBuildFile; productRef = A1F358D02AB2255200BAC75D /* FirebaseFirestoreSwift */; };
		A1F358D32AB2255200BAC75D /* FirebaseInAppMessagingSwift-Beta in Frameworks */ = {isa = PBXBuildFile; productRef = A1F358D22AB2255200BAC75D /* FirebaseInAppMessagingSwift-Beta */; };
		A1F358D52AB2255200BAC75D /* FirebaseMessaging in Frameworks */ = {isa = PBXBuildFile; productRef = A1F358D42AB2255200BAC75D /* FirebaseMessaging */; };
		A1F358D72AB2255200BAC75D /* FirebaseStorage in Frameworks */ = {isa = PBXBuildFile; productRef = A1F358D62AB2255200BAC75D /* FirebaseStorage */; };
		A1F358D92AB2255200BAC75D /* FirebaseStorageCombine-Community in Frameworks */ = {isa = PBXBuildFile; productRef = A1F358D82AB2255200BAC75D /* FirebaseStorageCombine-Community */; };
		CED850FF2AB449C300147E90 /* UserModel.swift in Sources */ = {isa = PBXBuildFile; fileRef = CED850FE2AB449C300147E90 /* UserModel.swift */; };
		CED851042AB44A0100147E90 /* HomeViewModel.swift in Sources */ = {isa = PBXBuildFile; fileRef = CED851032AB44A0100147E90 /* HomeViewModel.swift */; };
		CED851062AB44A2B00147E90 /* SlidingTabView.swift in Sources */ = {isa = PBXBuildFile; fileRef = CED851052AB44A2B00147E90 /* SlidingTabView.swift */; };
		CED851082AB44A3C00147E90 /* HomeView.swift in Sources */ = {isa = PBXBuildFile; fileRef = CED851072AB44A3C00147E90 /* HomeView.swift */; };
		CED8510A2AB44A5E00147E90 /* AppBarView.swift in Sources */ = {isa = PBXBuildFile; fileRef = CED851092AB44A5E00147E90 /* AppBarView.swift */; };
		CED8510C2AB44A7400147E90 /* FirstView.swift in Sources */ = {isa = PBXBuildFile; fileRef = CED8510B2AB44A7400147E90 /* FirstView.swift */; };
		CED8510E2AB44A8700147E90 /* ScndView.swift in Sources */ = {isa = PBXBuildFile; fileRef = CED8510D2AB44A8700147E90 /* ScndView.swift */; };
		CED851102AB44A9B00147E90 /* ThirdView.swift in Sources */ = {isa = PBXBuildFile; fileRef = CED8510F2AB44A9B00147E90 /* ThirdView.swift */; };
		CED851122AB44AB200147E90 /* SearchBarView.swift in Sources */ = {isa = PBXBuildFile; fileRef = CED851112AB44AB200147E90 /* SearchBarView.swift */; };
		CED851142AB44AC900147E90 /* UserRowView.swift in Sources */ = {isa = PBXBuildFile; fileRef = CED851132AB44AC900147E90 /* UserRowView.swift */; };
		CED851162AB44ADC00147E90 /* BanOptionView.swift in Sources */ = {isa = PBXBuildFile; fileRef = CED851152AB44ADC00147E90 /* BanOptionView.swift */; };
		CED8511A2AB44E3C00147E90 /* MerchantRowView.swift in Sources */ = {isa = PBXBuildFile; fileRef = CED851192AB44E3C00147E90 /* MerchantRowView.swift */; };
		CED8511C2AB452D500147E90 /* AllUserRowView.swift in Sources */ = {isa = PBXBuildFile; fileRef = CED8511B2AB452D500147E90 /* AllUserRowView.swift */; };
		E7A115EE2AB6A8C100D36374 /* homeViewModel.swift in Sources */ = {isa = PBXBuildFile; fileRef = E7A115ED2AB6A8C100D36374 /* homeViewModel.swift */; };
		E7A115F02AB6A8D900D36374 /* stackCardView.swift in Sources */ = {isa = PBXBuildFile; fileRef = E7A115EF2AB6A8D900D36374 /* stackCardView.swift */; };
		E7A115F22AB6A8F300D36374 /* Home.swift in Sources */ = {isa = PBXBuildFile; fileRef = E7A115F12AB6A8F300D36374 /* Home.swift */; };
		E7A115F42AB6A90800D36374 /* Shop.swift in Sources */ = {isa = PBXBuildFile; fileRef = E7A115F32AB6A90800D36374 /* Shop.swift */; };
/* End PBXBuildFile section */

/* Begin PBXFileReference section */
		4A07BCBB2AB6F8C600B46D62 /* ResDetailView.swift */ = {isa = PBXFileReference; fileEncoding = 4; lastKnownFileType = sourcecode.swift; path = ResDetailView.swift; sourceTree = "<group>"; };
		4A07BCBC2AB6F8C600B46D62 /* FavorRes.swift */ = {isa = PBXFileReference; fileEncoding = 4; lastKnownFileType = sourcecode.swift; path = FavorRes.swift; sourceTree = "<group>"; };
		4A07BCBD2AB6F8C700B46D62 /* Components */ = {isa = PBXFileReference; lastKnownFileType = folder; path = Components; sourceTree = "<group>"; };
		4A1F8AE52AB963BB001E67AB /* Authentication.swift */ = {isa = PBXFileReference; lastKnownFileType = sourcecode.swift; path = Authentication.swift; sourceTree = "<group>"; };
		4A1F8AE72AB96583001E67AB /* SignInView.swift */ = {isa = PBXFileReference; lastKnownFileType = sourcecode.swift; path = SignInView.swift; sourceTree = "<group>"; };
		4A1F8AEB2AB971AA001E67AB /* AuthManager.swift */ = {isa = PBXFileReference; lastKnownFileType = sourcecode.swift; path = AuthManager.swift; sourceTree = "<group>"; };
		4A1F8AED2AB974C3001E67AB /* SignUpView.swift */ = {isa = PBXFileReference; lastKnownFileType = sourcecode.swift; path = SignUpView.swift; sourceTree = "<group>"; };
		4A50AF2B2AB98236004B72A0 /* TestingDisplayDatabase.swift */ = {isa = PBXFileReference; lastKnownFileType = sourcecode.swift; path = TestingDisplayDatabase.swift; sourceTree = "<group>"; };
		4A50AF302AB98400004B72A0 /* MerchantViewModel.swift */ = {isa = PBXFileReference; lastKnownFileType = sourcecode.swift; path = MerchantViewModel.swift; sourceTree = "<group>"; };
		4A50AF322AB9843E004B72A0 /* Merchant.swift */ = {isa = PBXFileReference; lastKnownFileType = sourcecode.swift; path = Merchant.swift; sourceTree = "<group>"; };
		4A5F1B452AB98FA8000A25B6 /* MerchantViewDisplayView.swift */ = {isa = PBXFileReference; lastKnownFileType = sourcecode.swift; path = MerchantViewDisplayView.swift; sourceTree = "<group>"; };
		4AE207ED2AB6B02300BA8D1A /* CouponView.swift */ = {isa = PBXFileReference; fileEncoding = 4; lastKnownFileType = sourcecode.swift; path = CouponView.swift; sourceTree = "<group>"; };
		4AE207EE2AB6B02300BA8D1A /* MerchantView.swift */ = {isa = PBXFileReference; fileEncoding = 4; lastKnownFileType = sourcecode.swift; path = MerchantView.swift; sourceTree = "<group>"; };
		4AE207EF2AB6B02300BA8D1A /* AddFoodView.swift */ = {isa = PBXFileReference; fileEncoding = 4; lastKnownFileType = sourcecode.swift; path = AddFoodView.swift; sourceTree = "<group>"; };
		4AE207F42AB6B03400BA8D1A /* FoodViewModel.swift */ = {isa = PBXFileReference; fileEncoding = 4; lastKnownFileType = sourcecode.swift; path = FoodViewModel.swift; sourceTree = "<group>"; };
		4AE207F52AB6B03400BA8D1A /* Food.swift */ = {isa = PBXFileReference; fileEncoding = 4; lastKnownFileType = sourcecode.swift; path = Food.swift; sourceTree = "<group>"; };
		A162616F2AB1E7FE00E6628A /* TinFood.app */ = {isa = PBXFileReference; explicitFileType = wrapper.application; includeInIndex = 0; path = TinFood.app; sourceTree = BUILT_PRODUCTS_DIR; };
		A16261722AB1E7FE00E6628A /* TinFoodApp.swift */ = {isa = PBXFileReference; lastKnownFileType = sourcecode.swift; path = TinFoodApp.swift; sourceTree = "<group>"; };
		A16261742AB1E7FE00E6628A /* ContentView.swift */ = {isa = PBXFileReference; lastKnownFileType = sourcecode.swift; path = ContentView.swift; sourceTree = "<group>"; };
		A16261762AB1E7FF00E6628A /* Assets.xcassets */ = {isa = PBXFileReference; lastKnownFileType = folder.assetcatalog; path = Assets.xcassets; sourceTree = "<group>"; };
		A16261792AB1E7FF00E6628A /* Preview Assets.xcassets */ = {isa = PBXFileReference; lastKnownFileType = folder.assetcatalog; path = "Preview Assets.xcassets"; sourceTree = "<group>"; };
		A1F358C12AB1EBD000BAC75D /* GoogleService-Info.plist */ = {isa = PBXFileReference; fileEncoding = 4; lastKnownFileType = text.plist.xml; path = "GoogleService-Info.plist"; sourceTree = "<group>"; };
		CED850FE2AB449C300147E90 /* UserModel.swift */ = {isa = PBXFileReference; lastKnownFileType = sourcecode.swift; path = UserModel.swift; sourceTree = "<group>"; };
		CED851032AB44A0100147E90 /* HomeViewModel.swift */ = {isa = PBXFileReference; lastKnownFileType = sourcecode.swift; path = HomeViewModel.swift; sourceTree = "<group>"; };
		CED851052AB44A2B00147E90 /* SlidingTabView.swift */ = {isa = PBXFileReference; lastKnownFileType = sourcecode.swift; path = SlidingTabView.swift; sourceTree = "<group>"; };
		CED851072AB44A3C00147E90 /* HomeView.swift */ = {isa = PBXFileReference; lastKnownFileType = sourcecode.swift; path = HomeView.swift; sourceTree = "<group>"; };
		CED851092AB44A5E00147E90 /* AppBarView.swift */ = {isa = PBXFileReference; lastKnownFileType = sourcecode.swift; path = AppBarView.swift; sourceTree = "<group>"; };
		CED8510B2AB44A7400147E90 /* FirstView.swift */ = {isa = PBXFileReference; lastKnownFileType = sourcecode.swift; path = FirstView.swift; sourceTree = "<group>"; };
		CED8510D2AB44A8700147E90 /* ScndView.swift */ = {isa = PBXFileReference; lastKnownFileType = sourcecode.swift; path = ScndView.swift; sourceTree = "<group>"; };
		CED8510F2AB44A9B00147E90 /* ThirdView.swift */ = {isa = PBXFileReference; lastKnownFileType = sourcecode.swift; path = ThirdView.swift; sourceTree = "<group>"; };
		CED851112AB44AB200147E90 /* SearchBarView.swift */ = {isa = PBXFileReference; lastKnownFileType = sourcecode.swift; path = SearchBarView.swift; sourceTree = "<group>"; };
		CED851132AB44AC900147E90 /* UserRowView.swift */ = {isa = PBXFileReference; lastKnownFileType = sourcecode.swift; path = UserRowView.swift; sourceTree = "<group>"; };
		CED851152AB44ADC00147E90 /* BanOptionView.swift */ = {isa = PBXFileReference; lastKnownFileType = sourcecode.swift; path = BanOptionView.swift; sourceTree = "<group>"; };
		CED851192AB44E3C00147E90 /* MerchantRowView.swift */ = {isa = PBXFileReference; lastKnownFileType = sourcecode.swift; path = MerchantRowView.swift; sourceTree = "<group>"; };
		CED8511B2AB452D500147E90 /* AllUserRowView.swift */ = {isa = PBXFileReference; lastKnownFileType = sourcecode.swift; path = AllUserRowView.swift; sourceTree = "<group>"; };
		E7A115ED2AB6A8C100D36374 /* homeViewModel.swift */ = {isa = PBXFileReference; lastKnownFileType = sourcecode.swift; path = homeViewModel.swift; sourceTree = "<group>"; };
		E7A115EF2AB6A8D900D36374 /* stackCardView.swift */ = {isa = PBXFileReference; lastKnownFileType = sourcecode.swift; path = stackCardView.swift; sourceTree = "<group>"; };
		E7A115F12AB6A8F300D36374 /* Home.swift */ = {isa = PBXFileReference; lastKnownFileType = sourcecode.swift; path = Home.swift; sourceTree = "<group>"; };
		E7A115F32AB6A90800D36374 /* Shop.swift */ = {isa = PBXFileReference; lastKnownFileType = sourcecode.swift; path = Shop.swift; sourceTree = "<group>"; };
/* End PBXFileReference section */

/* Begin PBXFrameworksBuildPhase section */
		A162616C2AB1E7FE00E6628A /* Frameworks */ = {
			isa = PBXFrameworksBuildPhase;
			buildActionMask = 2147483647;
			files = (
				A1F358D92AB2255200BAC75D /* FirebaseStorageCombine-Community in Frameworks */,
				A1F358D52AB2255200BAC75D /* FirebaseMessaging in Frameworks */,
				A1F358CB2AB2255200BAC75D /* FirebaseDatabaseSwift in Frameworks */,
				A1F358C92AB2255200BAC75D /* FirebaseDatabase in Frameworks */,
				A1F358D72AB2255200BAC75D /* FirebaseStorage in Frameworks */,
				A1F358D32AB2255200BAC75D /* FirebaseInAppMessagingSwift-Beta in Frameworks */,
				A1F358C52AB2255200BAC75D /* FirebaseAuth in Frameworks */,
				A1F358D12AB2255200BAC75D /* FirebaseFirestoreSwift in Frameworks */,
				A1F358CF2AB2255200BAC75D /* FirebaseFirestoreCombine-Community in Frameworks */,
				A1F358CD2AB2255200BAC75D /* FirebaseFirestore in Frameworks */,
				A1F358C72AB2255200BAC75D /* FirebaseAuthCombine-Community in Frameworks */,
			);
			runOnlyForDeploymentPostprocessing = 0;
		};
/* End PBXFrameworksBuildPhase section */

/* Begin PBXGroup section */
		4A07BCBA2AB6F8B500B46D62 /* UserUI */ = {
			isa = PBXGroup;
			children = (
				4A07BCBD2AB6F8C700B46D62 /* Components */,
				4A07BCBC2AB6F8C600B46D62 /* FavorRes.swift */,
				4A07BCBB2AB6F8C600B46D62 /* ResDetailView.swift */,
			);
			path = UserUI;
			sourceTree = "<group>";
		};
		4A50AF2D2AB983CE004B72A0 /* Merchant */ = {
			isa = PBXGroup;
			children = (
				4A50AF302AB98400004B72A0 /* MerchantViewModel.swift */,
				4A50AF322AB9843E004B72A0 /* Merchant.swift */,
			);
			path = Merchant;
			sourceTree = "<group>";
		};
		4A5F1B472AB997F2000A25B6 /* Frameworks */ = {
			isa = PBXGroup;
			children = (
			);
			name = Frameworks;
			sourceTree = "<group>";
		};
		4AE207EC2AB6B00A00BA8D1A /* Merchant */ = {
			isa = PBXGroup;
			children = (
				4AE207EF2AB6B02300BA8D1A /* AddFoodView.swift */,
				4AE207ED2AB6B02300BA8D1A /* CouponView.swift */,
				4AE207EE2AB6B02300BA8D1A /* MerchantView.swift */,
				4A1F8AE52AB963BB001E67AB /* Authentication.swift */,
				4A1F8AE72AB96583001E67AB /* SignInView.swift */,
				4A1F8AEB2AB971AA001E67AB /* AuthManager.swift */,
				4A1F8AED2AB974C3001E67AB /* SignUpView.swift */,
				4A5F1B452AB98FA8000A25B6 /* MerchantViewDisplayView.swift */,
			);
			path = Merchant;
			sourceTree = "<group>";
		};
		4AE207F32AB6B02A00BA8D1A /* Food */ = {
			isa = PBXGroup;
			children = (
				4AE207F52AB6B03400BA8D1A /* Food.swift */,
				4AE207F42AB6B03400BA8D1A /* FoodViewModel.swift */,
			);
			path = Food;
			sourceTree = "<group>";
		};
		A16261662AB1E7FD00E6628A = {
			isa = PBXGroup;
			children = (
				A16261712AB1E7FE00E6628A /* TinFood */,
				A16261702AB1E7FE00E6628A /* Products */,
				4A5F1B472AB997F2000A25B6 /* Frameworks */,
			);
			sourceTree = "<group>";
		};
		A16261702AB1E7FE00E6628A /* Products */ = {
			isa = PBXGroup;
			children = (
				A162616F2AB1E7FE00E6628A /* TinFood.app */,
			);
			name = Products;
			sourceTree = "<group>";
		};
		A16261712AB1E7FE00E6628A /* TinFood */ = {
			isa = PBXGroup;
			children = (
				CED850FA2AB4497D00147E90 /* ViewModel */,
				CED850F92AB4497100147E90 /* Model */,
				CED850F82AB4496A00147E90 /* Views */,
				A16261722AB1E7FE00E6628A /* TinFoodApp.swift */,
				A1F358C12AB1EBD000BAC75D /* GoogleService-Info.plist */,
				A16261742AB1E7FE00E6628A /* ContentView.swift */,
				A16261762AB1E7FF00E6628A /* Assets.xcassets */,
				A16261782AB1E7FF00E6628A /* Preview Content */,
			);
			path = TinFood;
			sourceTree = "<group>";
		};
		A16261782AB1E7FF00E6628A /* Preview Content */ = {
			isa = PBXGroup;
			children = (
				A16261792AB1E7FF00E6628A /* Preview Assets.xcassets */,
			);
			path = "Preview Content";
			sourceTree = "<group>";
		};
		CED850F82AB4496A00147E90 /* Views */ = {
			isa = PBXGroup;
			children = (
				4A07BCBA2AB6F8B500B46D62 /* UserUI */,
				4AE207EC2AB6B00A00BA8D1A /* Merchant */,
				E7A115EC2AB6A8A600D36374 /* Swipe */,
				CED850FD2AB4499300147E90 /* AdminViews */,
				4A50AF2B2AB98236004B72A0 /* TestingDisplayDatabase.swift */,
			);
			path = Views;
			sourceTree = "<group>";
		};
		CED850F92AB4497100147E90 /* Model */ = {
			isa = PBXGroup;
			children = (
				4A50AF2D2AB983CE004B72A0 /* Merchant */,
				4AE207F32AB6B02A00BA8D1A /* Food */,
				CED850FC2AB4498C00147E90 /* AdminModel */,
			);
			path = Model;
			sourceTree = "<group>";
		};
		CED850FA2AB4497D00147E90 /* ViewModel */ = {
			isa = PBXGroup;
			children = (
				CED850FB2AB4498500147E90 /* AdminVM */,
			);
			path = ViewModel;
			sourceTree = "<group>";
		};
		CED850FB2AB4498500147E90 /* AdminVM */ = {
			isa = PBXGroup;
			children = (
				CED851032AB44A0100147E90 /* HomeViewModel.swift */,
			);
			path = AdminVM;
			sourceTree = "<group>";
		};
		CED850FC2AB4498C00147E90 /* AdminModel */ = {
			isa = PBXGroup;
			children = (
				CED850FE2AB449C300147E90 /* UserModel.swift */,
			);
			path = AdminModel;
			sourceTree = "<group>";
		};
		CED850FD2AB4499300147E90 /* AdminViews */ = {
			isa = PBXGroup;
			children = (
				CED851052AB44A2B00147E90 /* SlidingTabView.swift */,
				CED851072AB44A3C00147E90 /* HomeView.swift */,
				CED851092AB44A5E00147E90 /* AppBarView.swift */,
				CED8510B2AB44A7400147E90 /* FirstView.swift */,
				CED8510D2AB44A8700147E90 /* ScndView.swift */,
				CED8510F2AB44A9B00147E90 /* ThirdView.swift */,
				CED851112AB44AB200147E90 /* SearchBarView.swift */,
				CED851132AB44AC900147E90 /* UserRowView.swift */,
				CED851192AB44E3C00147E90 /* MerchantRowView.swift */,
				CED8511B2AB452D500147E90 /* AllUserRowView.swift */,
				CED851152AB44ADC00147E90 /* BanOptionView.swift */,
			);
			path = AdminViews;
			sourceTree = "<group>";
		};
		E7A115EC2AB6A8A600D36374 /* Swipe */ = {
			isa = PBXGroup;
			children = (
				E7A115ED2AB6A8C100D36374 /* homeViewModel.swift */,
				E7A115F12AB6A8F300D36374 /* Home.swift */,
				E7A115EF2AB6A8D900D36374 /* stackCardView.swift */,
				E7A115F32AB6A90800D36374 /* Shop.swift */,
			);
			path = Swipe;
			sourceTree = "<group>";
		};
/* End PBXGroup section */

/* Begin PBXNativeTarget section */
		A162616E2AB1E7FE00E6628A /* TinFood */ = {
			isa = PBXNativeTarget;
			buildConfigurationList = A162617D2AB1E7FF00E6628A /* Build configuration list for PBXNativeTarget "TinFood" */;
			buildPhases = (
				A162616B2AB1E7FE00E6628A /* Sources */,
				A162616C2AB1E7FE00E6628A /* Frameworks */,
				A162616D2AB1E7FE00E6628A /* Resources */,
			);
			buildRules = (
			);
			dependencies = (
			);
			name = TinFood;
			packageProductDependencies = (
				A1F358C42AB2255200BAC75D /* FirebaseAuth */,
				A1F358C62AB2255200BAC75D /* FirebaseAuthCombine-Community */,
				A1F358C82AB2255200BAC75D /* FirebaseDatabase */,
				A1F358CA2AB2255200BAC75D /* FirebaseDatabaseSwift */,
				A1F358CC2AB2255200BAC75D /* FirebaseFirestore */,
				A1F358CE2AB2255200BAC75D /* FirebaseFirestoreCombine-Community */,
				A1F358D02AB2255200BAC75D /* FirebaseFirestoreSwift */,
				A1F358D22AB2255200BAC75D /* FirebaseInAppMessagingSwift-Beta */,
				A1F358D42AB2255200BAC75D /* FirebaseMessaging */,
				A1F358D62AB2255200BAC75D /* FirebaseStorage */,
				A1F358D82AB2255200BAC75D /* FirebaseStorageCombine-Community */,
			);
			productName = TinFood;
			productReference = A162616F2AB1E7FE00E6628A /* TinFood.app */;
			productType = "com.apple.product-type.application";
		};
/* End PBXNativeTarget section */

/* Begin PBXProject section */
		A16261672AB1E7FE00E6628A /* Project object */ = {
			isa = PBXProject;
			attributes = {
				BuildIndependentTargetsInParallel = 1;
				LastSwiftUpdateCheck = 1430;
				LastUpgradeCheck = 1430;
				TargetAttributes = {
					A162616E2AB1E7FE00E6628A = {
						CreatedOnToolsVersion = 14.3.1;
					};
				};
			};
			buildConfigurationList = A162616A2AB1E7FE00E6628A /* Build configuration list for PBXProject "TinFood" */;
			compatibilityVersion = "Xcode 14.0";
			developmentRegion = en;
			hasScannedForEncodings = 0;
			knownRegions = (
				en,
				Base,
			);
			mainGroup = A16261662AB1E7FD00E6628A;
			packageReferences = (
				A1F358C32AB2255200BAC75D /* XCRemoteSwiftPackageReference "firebase-ios-sdk" */,
			);
			productRefGroup = A16261702AB1E7FE00E6628A /* Products */;
			projectDirPath = "";
			projectRoot = "";
			targets = (
				A162616E2AB1E7FE00E6628A /* TinFood */,
			);
		};
/* End PBXProject section */

/* Begin PBXResourcesBuildPhase section */
		A162616D2AB1E7FE00E6628A /* Resources */ = {
			isa = PBXResourcesBuildPhase;
			buildActionMask = 2147483647;
			files = (
				4A07BCC02AB6F8C700B46D62 /* Components in Resources */,
				A162617A2AB1E7FF00E6628A /* Preview Assets.xcassets in Resources */,
				A16261772AB1E7FF00E6628A /* Assets.xcassets in Resources */,
				A1F358C22AB1EBD000BAC75D /* GoogleService-Info.plist in Resources */,
			);
			runOnlyForDeploymentPostprocessing = 0;
		};
/* End PBXResourcesBuildPhase section */

/* Begin PBXSourcesBuildPhase section */
		A162616B2AB1E7FE00E6628A /* Sources */ = {
			isa = PBXSourcesBuildPhase;
			buildActionMask = 2147483647;
			files = (
				A16261752AB1E7FE00E6628A /* ContentView.swift in Sources */,
				CED851082AB44A3C00147E90 /* HomeView.swift in Sources */,
				4A1F8AEC2AB971AA001E67AB /* AuthManager.swift in Sources */,
				4AE207F02AB6B02300BA8D1A /* CouponView.swift in Sources */,
				CED850FF2AB449C300147E90 /* UserModel.swift in Sources */,
				E7A115EE2AB6A8C100D36374 /* homeViewModel.swift in Sources */,
				4AE207F72AB6B03400BA8D1A /* Food.swift in Sources */,
				E7A115F22AB6A8F300D36374 /* Home.swift in Sources */,
				CED851122AB44AB200147E90 /* SearchBarView.swift in Sources */,
				CED8510E2AB44A8700147E90 /* ScndView.swift in Sources */,
				CED8511A2AB44E3C00147E90 /* MerchantRowView.swift in Sources */,
				CED8511C2AB452D500147E90 /* AllUserRowView.swift in Sources */,
				4A1F8AE82AB96583001E67AB /* SignInView.swift in Sources */,
				4AE207F22AB6B02300BA8D1A /* AddFoodView.swift in Sources */,
				4A5F1B462AB98FA8000A25B6 /* MerchantViewDisplayView.swift in Sources */,
				CED8510A2AB44A5E00147E90 /* AppBarView.swift in Sources */,
				CED851042AB44A0100147E90 /* HomeViewModel.swift in Sources */,
				4A50AF312AB98400004B72A0 /* MerchantViewModel.swift in Sources */,
				4A1F8AEE2AB974C3001E67AB /* SignUpView.swift in Sources */,
				4A50AF2C2AB98236004B72A0 /* TestingDisplayDatabase.swift in Sources */,
				4AE207F12AB6B02300BA8D1A /* MerchantView.swift in Sources */,
				A16261732AB1E7FE00E6628A /* TinFoodApp.swift in Sources */,
				4AE207F62AB6B03400BA8D1A /* FoodViewModel.swift in Sources */,
				CED851102AB44A9B00147E90 /* ThirdView.swift in Sources */,
				CED851142AB44AC900147E90 /* UserRowView.swift in Sources */,
				E7A115F42AB6A90800D36374 /* Shop.swift in Sources */,
				CED851162AB44ADC00147E90 /* BanOptionView.swift in Sources */,
				4A1F8AE62AB963BB001E67AB /* Authentication.swift in Sources */,
				E7A115F02AB6A8D900D36374 /* stackCardView.swift in Sources */,
				CED8510C2AB44A7400147E90 /* FirstView.swift in Sources */,
				4A50AF332AB9843E004B72A0 /* Merchant.swift in Sources */,
				4A07BCBF2AB6F8C700B46D62 /* FavorRes.swift in Sources */,
				CED851062AB44A2B00147E90 /* SlidingTabView.swift in Sources */,
				4A07BCBE2AB6F8C700B46D62 /* ResDetailView.swift in Sources */,
			);
			runOnlyForDeploymentPostprocessing = 0;
		};
/* End PBXSourcesBuildPhase section */

/* Begin XCBuildConfiguration section */
		A162617B2AB1E7FF00E6628A /* Debug */ = {
			isa = XCBuildConfiguration;
			buildSettings = {
				ALWAYS_SEARCH_USER_PATHS = NO;
				CLANG_ANALYZER_NONNULL = YES;
				CLANG_ANALYZER_NUMBER_OBJECT_CONVERSION = YES_AGGRESSIVE;
				CLANG_CXX_LANGUAGE_STANDARD = "gnu++20";
				CLANG_ENABLE_MODULES = YES;
				CLANG_ENABLE_OBJC_ARC = YES;
				CLANG_ENABLE_OBJC_WEAK = YES;
				CLANG_WARN_BLOCK_CAPTURE_AUTORELEASING = YES;
				CLANG_WARN_BOOL_CONVERSION = YES;
				CLANG_WARN_COMMA = YES;
				CLANG_WARN_CONSTANT_CONVERSION = YES;
				CLANG_WARN_DEPRECATED_OBJC_IMPLEMENTATIONS = YES;
				CLANG_WARN_DIRECT_OBJC_ISA_USAGE = YES_ERROR;
				CLANG_WARN_DOCUMENTATION_COMMENTS = YES;
				CLANG_WARN_EMPTY_BODY = YES;
				CLANG_WARN_ENUM_CONVERSION = YES;
				CLANG_WARN_INFINITE_RECURSION = YES;
				CLANG_WARN_INT_CONVERSION = YES;
				CLANG_WARN_NON_LITERAL_NULL_CONVERSION = YES;
				CLANG_WARN_OBJC_IMPLICIT_RETAIN_SELF = YES;
				CLANG_WARN_OBJC_LITERAL_CONVERSION = YES;
				CLANG_WARN_OBJC_ROOT_CLASS = YES_ERROR;
				CLANG_WARN_QUOTED_INCLUDE_IN_FRAMEWORK_HEADER = YES;
				CLANG_WARN_RANGE_LOOP_ANALYSIS = YES;
				CLANG_WARN_STRICT_PROTOTYPES = YES;
				CLANG_WARN_SUSPICIOUS_MOVE = YES;
				CLANG_WARN_UNGUARDED_AVAILABILITY = YES_AGGRESSIVE;
				CLANG_WARN_UNREACHABLE_CODE = YES;
				CLANG_WARN__DUPLICATE_METHOD_MATCH = YES;
				COPY_PHASE_STRIP = NO;
				DEBUG_INFORMATION_FORMAT = dwarf;
				ENABLE_STRICT_OBJC_MSGSEND = YES;
				ENABLE_TESTABILITY = YES;
				GCC_C_LANGUAGE_STANDARD = gnu11;
				GCC_DYNAMIC_NO_PIC = NO;
				GCC_NO_COMMON_BLOCKS = YES;
				GCC_OPTIMIZATION_LEVEL = 0;
				GCC_PREPROCESSOR_DEFINITIONS = (
					"DEBUG=1",
					"$(inherited)",
				);
				GCC_WARN_64_TO_32_BIT_CONVERSION = YES;
				GCC_WARN_ABOUT_RETURN_TYPE = YES_ERROR;
				GCC_WARN_UNDECLARED_SELECTOR = YES;
				GCC_WARN_UNINITIALIZED_AUTOS = YES_AGGRESSIVE;
				GCC_WARN_UNUSED_FUNCTION = YES;
				GCC_WARN_UNUSED_VARIABLE = YES;
				IPHONEOS_DEPLOYMENT_TARGET = 16.4;
				MTL_ENABLE_DEBUG_INFO = INCLUDE_SOURCE;
				MTL_FAST_MATH = YES;
				ONLY_ACTIVE_ARCH = YES;
				SDKROOT = iphoneos;
				SWIFT_ACTIVE_COMPILATION_CONDITIONS = DEBUG;
				SWIFT_OPTIMIZATION_LEVEL = "-Onone";
			};
			name = Debug;
		};
		A162617C2AB1E7FF00E6628A /* Release */ = {
			isa = XCBuildConfiguration;
			buildSettings = {
				ALWAYS_SEARCH_USER_PATHS = NO;
				CLANG_ANALYZER_NONNULL = YES;
				CLANG_ANALYZER_NUMBER_OBJECT_CONVERSION = YES_AGGRESSIVE;
				CLANG_CXX_LANGUAGE_STANDARD = "gnu++20";
				CLANG_ENABLE_MODULES = YES;
				CLANG_ENABLE_OBJC_ARC = YES;
				CLANG_ENABLE_OBJC_WEAK = YES;
				CLANG_WARN_BLOCK_CAPTURE_AUTORELEASING = YES;
				CLANG_WARN_BOOL_CONVERSION = YES;
				CLANG_WARN_COMMA = YES;
				CLANG_WARN_CONSTANT_CONVERSION = YES;
				CLANG_WARN_DEPRECATED_OBJC_IMPLEMENTATIONS = YES;
				CLANG_WARN_DIRECT_OBJC_ISA_USAGE = YES_ERROR;
				CLANG_WARN_DOCUMENTATION_COMMENTS = YES;
				CLANG_WARN_EMPTY_BODY = YES;
				CLANG_WARN_ENUM_CONVERSION = YES;
				CLANG_WARN_INFINITE_RECURSION = YES;
				CLANG_WARN_INT_CONVERSION = YES;
				CLANG_WARN_NON_LITERAL_NULL_CONVERSION = YES;
				CLANG_WARN_OBJC_IMPLICIT_RETAIN_SELF = YES;
				CLANG_WARN_OBJC_LITERAL_CONVERSION = YES;
				CLANG_WARN_OBJC_ROOT_CLASS = YES_ERROR;
				CLANG_WARN_QUOTED_INCLUDE_IN_FRAMEWORK_HEADER = YES;
				CLANG_WARN_RANGE_LOOP_ANALYSIS = YES;
				CLANG_WARN_STRICT_PROTOTYPES = YES;
				CLANG_WARN_SUSPICIOUS_MOVE = YES;
				CLANG_WARN_UNGUARDED_AVAILABILITY = YES_AGGRESSIVE;
				CLANG_WARN_UNREACHABLE_CODE = YES;
				CLANG_WARN__DUPLICATE_METHOD_MATCH = YES;
				COPY_PHASE_STRIP = NO;
				DEBUG_INFORMATION_FORMAT = "dwarf-with-dsym";
				ENABLE_NS_ASSERTIONS = NO;
				ENABLE_STRICT_OBJC_MSGSEND = YES;
				GCC_C_LANGUAGE_STANDARD = gnu11;
				GCC_NO_COMMON_BLOCKS = YES;
				GCC_WARN_64_TO_32_BIT_CONVERSION = YES;
				GCC_WARN_ABOUT_RETURN_TYPE = YES_ERROR;
				GCC_WARN_UNDECLARED_SELECTOR = YES;
				GCC_WARN_UNINITIALIZED_AUTOS = YES_AGGRESSIVE;
				GCC_WARN_UNUSED_FUNCTION = YES;
				GCC_WARN_UNUSED_VARIABLE = YES;
				IPHONEOS_DEPLOYMENT_TARGET = 16.4;
				MTL_ENABLE_DEBUG_INFO = NO;
				MTL_FAST_MATH = YES;
				SDKROOT = iphoneos;
				SWIFT_COMPILATION_MODE = wholemodule;
				SWIFT_OPTIMIZATION_LEVEL = "-O";
				VALIDATE_PRODUCT = YES;
			};
			name = Release;
		};
		A162617E2AB1E7FF00E6628A /* Debug */ = {
			isa = XCBuildConfiguration;
			buildSettings = {
				ASSETCATALOG_COMPILER_APPICON_NAME = AppIcon;
				ASSETCATALOG_COMPILER_GLOBAL_ACCENT_COLOR_NAME = AccentColor;
				CODE_SIGN_STYLE = Automatic;
				CURRENT_PROJECT_VERSION = 1;
				DEVELOPMENT_ASSET_PATHS = "\"TinFood/Preview Content\"";
				DEVELOPMENT_TEAM = QUV7VD99GR;
				ENABLE_PREVIEWS = YES;
				GENERATE_INFOPLIST_FILE = YES;
				INFOPLIST_KEY_UIApplicationSceneManifest_Generation = YES;
				INFOPLIST_KEY_UIApplicationSupportsIndirectInputEvents = YES;
				INFOPLIST_KEY_UILaunchScreen_Generation = YES;
				INFOPLIST_KEY_UISupportedInterfaceOrientations_iPad = "UIInterfaceOrientationPortrait UIInterfaceOrientationPortraitUpsideDown UIInterfaceOrientationLandscapeLeft UIInterfaceOrientationLandscapeRight";
				INFOPLIST_KEY_UISupportedInterfaceOrientations_iPhone = "UIInterfaceOrientationPortrait UIInterfaceOrientationLandscapeLeft UIInterfaceOrientationLandscapeRight";
				LD_RUNPATH_SEARCH_PATHS = (
					"$(inherited)",
					"@executable_path/Frameworks",
				);
				MARKETING_VERSION = 1.0;
				PRODUCT_BUNDLE_IDENTIFIER = com.vn.rmit.TinFood;
				PRODUCT_NAME = "$(TARGET_NAME)";
				SWIFT_EMIT_LOC_STRINGS = YES;
				SWIFT_VERSION = 5.0;
				TARGETED_DEVICE_FAMILY = "1,2";
			};
			name = Debug;
		};
		A162617F2AB1E7FF00E6628A /* Release */ = {
			isa = XCBuildConfiguration;
			buildSettings = {
				ASSETCATALOG_COMPILER_APPICON_NAME = AppIcon;
				ASSETCATALOG_COMPILER_GLOBAL_ACCENT_COLOR_NAME = AccentColor;
				CODE_SIGN_STYLE = Automatic;
				CURRENT_PROJECT_VERSION = 1;
				DEVELOPMENT_ASSET_PATHS = "\"TinFood/Preview Content\"";
				DEVELOPMENT_TEAM = QUV7VD99GR;
				ENABLE_PREVIEWS = YES;
				GENERATE_INFOPLIST_FILE = YES;
				INFOPLIST_KEY_UIApplicationSceneManifest_Generation = YES;
				INFOPLIST_KEY_UIApplicationSupportsIndirectInputEvents = YES;
				INFOPLIST_KEY_UILaunchScreen_Generation = YES;
				INFOPLIST_KEY_UISupportedInterfaceOrientations_iPad = "UIInterfaceOrientationPortrait UIInterfaceOrientationPortraitUpsideDown UIInterfaceOrientationLandscapeLeft UIInterfaceOrientationLandscapeRight";
				INFOPLIST_KEY_UISupportedInterfaceOrientations_iPhone = "UIInterfaceOrientationPortrait UIInterfaceOrientationLandscapeLeft UIInterfaceOrientationLandscapeRight";
				LD_RUNPATH_SEARCH_PATHS = (
					"$(inherited)",
					"@executable_path/Frameworks",
				);
				MARKETING_VERSION = 1.0;
				PRODUCT_BUNDLE_IDENTIFIER = com.vn.rmit.TinFood;
				PRODUCT_NAME = "$(TARGET_NAME)";
				SWIFT_EMIT_LOC_STRINGS = YES;
				SWIFT_VERSION = 5.0;
				TARGETED_DEVICE_FAMILY = "1,2";
			};
			name = Release;
		};
/* End XCBuildConfiguration section */

/* Begin XCConfigurationList section */
		A162616A2AB1E7FE00E6628A /* Build configuration list for PBXProject "TinFood" */ = {
			isa = XCConfigurationList;
			buildConfigurations = (
				A162617B2AB1E7FF00E6628A /* Debug */,
				A162617C2AB1E7FF00E6628A /* Release */,
			);
			defaultConfigurationIsVisible = 0;
			defaultConfigurationName = Release;
		};
		A162617D2AB1E7FF00E6628A /* Build configuration list for PBXNativeTarget "TinFood" */ = {
			isa = XCConfigurationList;
			buildConfigurations = (
				A162617E2AB1E7FF00E6628A /* Debug */,
				A162617F2AB1E7FF00E6628A /* Release */,
			);
			defaultConfigurationIsVisible = 0;
			defaultConfigurationName = Release;
		};
/* End XCConfigurationList section */

/* Begin XCRemoteSwiftPackageReference section */
		A1F358C32AB2255200BAC75D /* XCRemoteSwiftPackageReference "firebase-ios-sdk" */ = {
			isa = XCRemoteSwiftPackageReference;
			repositoryURL = "https://github.com/firebase/firebase-ios-sdk";
			requirement = {
				kind = upToNextMajorVersion;
				minimumVersion = 10.0.0;
			};
		};
/* End XCRemoteSwiftPackageReference section */

/* Begin XCSwiftPackageProductDependency section */
		A1F358C42AB2255200BAC75D /* FirebaseAuth */ = {
			isa = XCSwiftPackageProductDependency;
			package = A1F358C32AB2255200BAC75D /* XCRemoteSwiftPackageReference "firebase-ios-sdk" */;
			productName = FirebaseAuth;
		};
		A1F358C62AB2255200BAC75D /* FirebaseAuthCombine-Community */ = {
			isa = XCSwiftPackageProductDependency;
			package = A1F358C32AB2255200BAC75D /* XCRemoteSwiftPackageReference "firebase-ios-sdk" */;
			productName = "FirebaseAuthCombine-Community";
		};
		A1F358C82AB2255200BAC75D /* FirebaseDatabase */ = {
			isa = XCSwiftPackageProductDependency;
			package = A1F358C32AB2255200BAC75D /* XCRemoteSwiftPackageReference "firebase-ios-sdk" */;
			productName = FirebaseDatabase;
		};
		A1F358CA2AB2255200BAC75D /* FirebaseDatabaseSwift */ = {
			isa = XCSwiftPackageProductDependency;
			package = A1F358C32AB2255200BAC75D /* XCRemoteSwiftPackageReference "firebase-ios-sdk" */;
			productName = FirebaseDatabaseSwift;
		};
		A1F358CC2AB2255200BAC75D /* FirebaseFirestore */ = {
			isa = XCSwiftPackageProductDependency;
			package = A1F358C32AB2255200BAC75D /* XCRemoteSwiftPackageReference "firebase-ios-sdk" */;
			productName = FirebaseFirestore;
		};
		A1F358CE2AB2255200BAC75D /* FirebaseFirestoreCombine-Community */ = {
			isa = XCSwiftPackageProductDependency;
			package = A1F358C32AB2255200BAC75D /* XCRemoteSwiftPackageReference "firebase-ios-sdk" */;
			productName = "FirebaseFirestoreCombine-Community";
		};
		A1F358D02AB2255200BAC75D /* FirebaseFirestoreSwift */ = {
			isa = XCSwiftPackageProductDependency;
			package = A1F358C32AB2255200BAC75D /* XCRemoteSwiftPackageReference "firebase-ios-sdk" */;
			productName = FirebaseFirestoreSwift;
		};
		A1F358D22AB2255200BAC75D /* FirebaseInAppMessagingSwift-Beta */ = {
			isa = XCSwiftPackageProductDependency;
			package = A1F358C32AB2255200BAC75D /* XCRemoteSwiftPackageReference "firebase-ios-sdk" */;
			productName = "FirebaseInAppMessagingSwift-Beta";
		};
		A1F358D42AB2255200BAC75D /* FirebaseMessaging */ = {
			isa = XCSwiftPackageProductDependency;
			package = A1F358C32AB2255200BAC75D /* XCRemoteSwiftPackageReference "firebase-ios-sdk" */;
			productName = FirebaseMessaging;
		};
		A1F358D62AB2255200BAC75D /* FirebaseStorage */ = {
			isa = XCSwiftPackageProductDependency;
			package = A1F358C32AB2255200BAC75D /* XCRemoteSwiftPackageReference "firebase-ios-sdk" */;
			productName = FirebaseStorage;
		};
		A1F358D82AB2255200BAC75D /* FirebaseStorageCombine-Community */ = {
			isa = XCSwiftPackageProductDependency;
			package = A1F358C32AB2255200BAC75D /* XCRemoteSwiftPackageReference "firebase-ios-sdk" */;
			productName = "FirebaseStorageCombine-Community";
		};
/* End XCSwiftPackageProductDependency section */
	};
	rootObject = A16261672AB1E7FE00E6628A /* Project object */;
}
